// !$*UTF8*$!
{
	archiveVersion = 1;
	classes = {
	};
	objectVersion = 46;
	objects = {

/* Begin PBXBuildFile section */
		B5FB3D091AB677610064CEE7 /* MediaKey.m in Sources */ = {isa = PBXBuildFile; fileRef = B5FB3D081AB677610064CEE7 /* MediaKey.m */; };
		BFF9B267187AB88D00F93B58 /* Cocoa.framework in Frameworks */ = {isa = PBXBuildFile; fileRef = BFF9B266187AB88D00F93B58 /* Cocoa.framework */; };
		BFF9B271187AB88D00F93B58 /* InfoPlist.strings in Resources */ = {isa = PBXBuildFile; fileRef = BFF9B26F187AB88D00F93B58 /* InfoPlist.strings */; };
		BFF9B273187AB88D00F93B58 /* main.m in Sources */ = {isa = PBXBuildFile; fileRef = BFF9B272187AB88D00F93B58 /* main.m */; };
		BFF9B277187AB88D00F93B58 /* Credits.rtf in Resources */ = {isa = PBXBuildFile; fileRef = BFF9B275187AB88D00F93B58 /* Credits.rtf */; };
		BFF9B27A187AB88D00F93B58 /* KDMAppDelegate.m in Sources */ = {isa = PBXBuildFile; fileRef = BFF9B279187AB88D00F93B58 /* KDMAppDelegate.m */; };
		BFF9B27D187AB88E00F93B58 /* MainMenu.xib in Resources */ = {isa = PBXBuildFile; fileRef = BFF9B27B187AB88E00F93B58 /* MainMenu.xib */; };
		BFF9B27F187AB88E00F93B58 /* Images.xcassets in Resources */ = {isa = PBXBuildFile; fileRef = BFF9B27E187AB88E00F93B58 /* Images.xcassets */; };
		BFF9B286187AB88E00F93B58 /* XCTest.framework in Frameworks */ = {isa = PBXBuildFile; fileRef = BFF9B285187AB88E00F93B58 /* XCTest.framework */; };
		BFF9B287187AB88E00F93B58 /* Cocoa.framework in Frameworks */ = {isa = PBXBuildFile; fileRef = BFF9B266187AB88D00F93B58 /* Cocoa.framework */; };
		BFF9B28F187AB88E00F93B58 /* InfoPlist.strings in Resources */ = {isa = PBXBuildFile; fileRef = BFF9B28D187AB88E00F93B58 /* InfoPlist.strings */; };
		BFF9B291187AB88E00F93B58 /* Spotify_Bluetooth_Headset_ListenerTests.m in Sources */ = {isa = PBXBuildFile; fileRef = BFF9B290187AB88E00F93B58 /* Spotify_Bluetooth_Headset_ListenerTests.m */; };
		BFF9B29F187B094C00F93B58 /* ScriptingBridge.framework in Frameworks */ = {isa = PBXBuildFile; fileRef = BFF9B29E187B094C00F93B58 /* ScriptingBridge.framework */; };
/* End PBXBuildFile section */

/* Begin PBXContainerItemProxy section */
		BFF9B288187AB88E00F93B58 /* PBXContainerItemProxy */ = {
			isa = PBXContainerItemProxy;
			containerPortal = BFF9B25B187AB88C00F93B58 /* Project object */;
			proxyType = 1;
			remoteGlobalIDString = BFF9B262187AB88D00F93B58;
			remoteInfo = "Spotify Bluetooth Headset Listener";
		};
/* End PBXContainerItemProxy section */

/* Begin PBXFileReference section */
		B5FB3D071AB676100064CEE7 /* MediaKey.h */ = {isa = PBXFileReference; fileEncoding = 4; lastKnownFileType = sourcecode.c.h; path = MediaKey.h; sourceTree = "<group>"; };
		B5FB3D081AB677610064CEE7 /* MediaKey.m */ = {isa = PBXFileReference; fileEncoding = 4; lastKnownFileType = sourcecode.c.objc; path = MediaKey.m; sourceTree = "<group>"; };
		BFF9B263187AB88D00F93B58 /* Spotify Bluetooth Headset Listener.app */ = {isa = PBXFileReference; explicitFileType = wrapper.application; includeInIndex = 0; path = "Spotify Bluetooth Headset Listener.app"; sourceTree = BUILT_PRODUCTS_DIR; };
		BFF9B266187AB88D00F93B58 /* Cocoa.framework */ = {isa = PBXFileReference; lastKnownFileType = wrapper.framework; name = Cocoa.framework; path = System/Library/Frameworks/Cocoa.framework; sourceTree = SDKROOT; };
		BFF9B269187AB88D00F93B58 /* AppKit.framework */ = {isa = PBXFileReference; lastKnownFileType = wrapper.framework; name = AppKit.framework; path = System/Library/Frameworks/AppKit.framework; sourceTree = SDKROOT; };
		BFF9B26A187AB88D00F93B58 /* CoreData.framework */ = {isa = PBXFileReference; lastKnownFileType = wrapper.framework; name = CoreData.framework; path = System/Library/Frameworks/CoreData.framework; sourceTree = SDKROOT; };
		BFF9B26B187AB88D00F93B58 /* Foundation.framework */ = {isa = PBXFileReference; lastKnownFileType = wrapper.framework; name = Foundation.framework; path = System/Library/Frameworks/Foundation.framework; sourceTree = SDKROOT; };
		BFF9B26E187AB88D00F93B58 /* Spotify Bluetooth Headset Listener-Info.plist */ = {isa = PBXFileReference; lastKnownFileType = text.plist.xml; path = "Spotify Bluetooth Headset Listener-Info.plist"; sourceTree = "<group>"; };
		BFF9B270187AB88D00F93B58 /* en */ = {isa = PBXFileReference; lastKnownFileType = text.plist.strings; name = en; path = en.lproj/InfoPlist.strings; sourceTree = "<group>"; };
		BFF9B272187AB88D00F93B58 /* main.m */ = {isa = PBXFileReference; lastKnownFileType = sourcecode.c.objc; path = main.m; sourceTree = "<group>"; };
		BFF9B274187AB88D00F93B58 /* Spotify Bluetooth Headset Listener-Prefix.pch */ = {isa = PBXFileReference; lastKnownFileType = sourcecode.c.h; path = "Spotify Bluetooth Headset Listener-Prefix.pch"; sourceTree = "<group>"; };
		BFF9B276187AB88D00F93B58 /* en */ = {isa = PBXFileReference; lastKnownFileType = text.rtf; name = en; path = en.lproj/Credits.rtf; sourceTree = "<group>"; };
		BFF9B278187AB88D00F93B58 /* KDMAppDelegate.h */ = {isa = PBXFileReference; lastKnownFileType = sourcecode.c.h; path = KDMAppDelegate.h; sourceTree = "<group>"; };
		BFF9B279187AB88D00F93B58 /* KDMAppDelegate.m */ = {isa = PBXFileReference; lastKnownFileType = sourcecode.c.objc; path = KDMAppDelegate.m; sourceTree = "<group>"; };
		BFF9B27C187AB88E00F93B58 /* Base */ = {isa = PBXFileReference; lastKnownFileType = file.xib; name = Base; path = Base.lproj/MainMenu.xib; sourceTree = "<group>"; };
		BFF9B27E187AB88E00F93B58 /* Images.xcassets */ = {isa = PBXFileReference; lastKnownFileType = folder.assetcatalog; path = Images.xcassets; sourceTree = "<group>"; };
		BFF9B284187AB88E00F93B58 /* Spotify Bluetooth Headset ListenerTests.xctest */ = {isa = PBXFileReference; explicitFileType = wrapper.cfbundle; includeInIndex = 0; path = "Spotify Bluetooth Headset ListenerTests.xctest"; sourceTree = BUILT_PRODUCTS_DIR; };
		BFF9B285187AB88E00F93B58 /* XCTest.framework */ = {isa = PBXFileReference; lastKnownFileType = wrapper.framework; name = XCTest.framework; path = Library/Frameworks/XCTest.framework; sourceTree = DEVELOPER_DIR; };
		BFF9B28C187AB88E00F93B58 /* Spotify Bluetooth Headset ListenerTests-Info.plist */ = {isa = PBXFileReference; lastKnownFileType = text.plist.xml; path = "Spotify Bluetooth Headset ListenerTests-Info.plist"; sourceTree = "<group>"; };
		BFF9B28E187AB88E00F93B58 /* en */ = {isa = PBXFileReference; lastKnownFileType = text.plist.strings; name = en; path = en.lproj/InfoPlist.strings; sourceTree = "<group>"; };
		BFF9B290187AB88E00F93B58 /* Spotify_Bluetooth_Headset_ListenerTests.m */ = {isa = PBXFileReference; lastKnownFileType = sourcecode.c.objc; path = Spotify_Bluetooth_Headset_ListenerTests.m; sourceTree = "<group>"; };
		BFF9B29A187AB8E100F93B58 /* IOBluetooth.framework */ = {isa = PBXFileReference; lastKnownFileType = wrapper.framework; name = IOBluetooth.framework; path = System/Library/Frameworks/IOBluetooth.framework; sourceTree = SDKROOT; };
		BFF9B29C187ABD3100F93B58 /* IOBluetoothUI.framework */ = {isa = PBXFileReference; lastKnownFileType = wrapper.framework; name = IOBluetoothUI.framework; path = System/Library/Frameworks/IOBluetoothUI.framework; sourceTree = SDKROOT; };
		BFF9B29E187B094C00F93B58 /* ScriptingBridge.framework */ = {isa = PBXFileReference; lastKnownFileType = wrapper.framework; name = ScriptingBridge.framework; path = System/Library/Frameworks/ScriptingBridge.framework; sourceTree = SDKROOT; };
/* End PBXFileReference section */

/* Begin PBXFrameworksBuildPhase section */
		BFF9B260187AB88D00F93B58 /* Frameworks */ = {
			isa = PBXFrameworksBuildPhase;
			buildActionMask = 2147483647;
			files = (
				BFF9B29F187B094C00F93B58 /* ScriptingBridge.framework in Frameworks */,
				BFF9B267187AB88D00F93B58 /* Cocoa.framework in Frameworks */,
			);
			runOnlyForDeploymentPostprocessing = 0;
		};
		BFF9B281187AB88E00F93B58 /* Frameworks */ = {
			isa = PBXFrameworksBuildPhase;
			buildActionMask = 2147483647;
			files = (
				BFF9B287187AB88E00F93B58 /* Cocoa.framework in Frameworks */,
				BFF9B286187AB88E00F93B58 /* XCTest.framework in Frameworks */,
			);
			runOnlyForDeploymentPostprocessing = 0;
		};
/* End PBXFrameworksBuildPhase section */

/* Begin PBXGroup section */
		BFF9B25A187AB88C00F93B58 = {
			isa = PBXGroup;
			children = (
				BFF9B26C187AB88D00F93B58 /* Spotify Bluetooth Headset Listener */,
				BFF9B28A187AB88E00F93B58 /* Spotify Bluetooth Headset ListenerTests */,
				BFF9B265187AB88D00F93B58 /* Frameworks */,
				BFF9B264187AB88D00F93B58 /* Products */,
			);
			sourceTree = "<group>";
		};
		BFF9B264187AB88D00F93B58 /* Products */ = {
			isa = PBXGroup;
			children = (
				BFF9B263187AB88D00F93B58 /* Spotify Bluetooth Headset Listener.app */,
				BFF9B284187AB88E00F93B58 /* Spotify Bluetooth Headset ListenerTests.xctest */,
			);
			name = Products;
			sourceTree = "<group>";
		};
		BFF9B265187AB88D00F93B58 /* Frameworks */ = {
			isa = PBXGroup;
			children = (
				BFF9B29E187B094C00F93B58 /* ScriptingBridge.framework */,
				BFF9B29C187ABD3100F93B58 /* IOBluetoothUI.framework */,
				BFF9B29A187AB8E100F93B58 /* IOBluetooth.framework */,
				BFF9B266187AB88D00F93B58 /* Cocoa.framework */,
				BFF9B285187AB88E00F93B58 /* XCTest.framework */,
				BFF9B268187AB88D00F93B58 /* Other Frameworks */,
			);
			name = Frameworks;
			sourceTree = "<group>";
		};
		BFF9B268187AB88D00F93B58 /* Other Frameworks */ = {
			isa = PBXGroup;
			children = (
				BFF9B269187AB88D00F93B58 /* AppKit.framework */,
				BFF9B26A187AB88D00F93B58 /* CoreData.framework */,
				BFF9B26B187AB88D00F93B58 /* Foundation.framework */,
			);
			name = "Other Frameworks";
			sourceTree = "<group>";
		};
		BFF9B26C187AB88D00F93B58 /* Spotify Bluetooth Headset Listener */ = {
			isa = PBXGroup;
			children = (
				B5FB3D071AB676100064CEE7 /* MediaKey.h */,
				BFF9B278187AB88D00F93B58 /* KDMAppDelegate.h */,
				BFF9B279187AB88D00F93B58 /* KDMAppDelegate.m */,
				BFF9B27B187AB88E00F93B58 /* MainMenu.xib */,
				BFF9B27E187AB88E00F93B58 /* Images.xcassets */,
				BFF9B26D187AB88D00F93B58 /* Supporting Files */,
				B5FB3D081AB677610064CEE7 /* MediaKey.m */,
			);
			path = "Spotify Bluetooth Headset Listener";
			sourceTree = "<group>";
		};
		BFF9B26D187AB88D00F93B58 /* Supporting Files */ = {
			isa = PBXGroup;
			children = (
				BFF9B26E187AB88D00F93B58 /* Spotify Bluetooth Headset Listener-Info.plist */,
				BFF9B26F187AB88D00F93B58 /* InfoPlist.strings */,
				BFF9B272187AB88D00F93B58 /* main.m */,
				BFF9B274187AB88D00F93B58 /* Spotify Bluetooth Headset Listener-Prefix.pch */,
				BFF9B275187AB88D00F93B58 /* Credits.rtf */,
			);
			name = "Supporting Files";
			sourceTree = "<group>";
		};
		BFF9B28A187AB88E00F93B58 /* Spotify Bluetooth Headset ListenerTests */ = {
			isa = PBXGroup;
			children = (
				BFF9B290187AB88E00F93B58 /* Spotify_Bluetooth_Headset_ListenerTests.m */,
				BFF9B28B187AB88E00F93B58 /* Supporting Files */,
			);
			path = "Spotify Bluetooth Headset ListenerTests";
			sourceTree = "<group>";
		};
		BFF9B28B187AB88E00F93B58 /* Supporting Files */ = {
			isa = PBXGroup;
			children = (
				BFF9B28C187AB88E00F93B58 /* Spotify Bluetooth Headset ListenerTests-Info.plist */,
				BFF9B28D187AB88E00F93B58 /* InfoPlist.strings */,
			);
			name = "Supporting Files";
			sourceTree = "<group>";
		};
/* End PBXGroup section */

/* Begin PBXNativeTarget section */
		BFF9B262187AB88D00F93B58 /* Spotify Bluetooth Headset Listener */ = {
			isa = PBXNativeTarget;
			buildConfigurationList = BFF9B294187AB88E00F93B58 /* Build configuration list for PBXNativeTarget "Spotify Bluetooth Headset Listener" */;
			buildPhases = (
				BFF9B25F187AB88D00F93B58 /* Sources */,
				BFF9B260187AB88D00F93B58 /* Frameworks */,
				BFF9B261187AB88D00F93B58 /* Resources */,
			);
			buildRules = (
			);
			dependencies = (
			);
			name = "Spotify Bluetooth Headset Listener";
			productName = "Spotify Bluetooth Headset Listener";
			productReference = BFF9B263187AB88D00F93B58 /* Spotify Bluetooth Headset Listener.app */;
			productType = "com.apple.product-type.application";
		};
		BFF9B283187AB88E00F93B58 /* Spotify Bluetooth Headset ListenerTests */ = {
			isa = PBXNativeTarget;
			buildConfigurationList = BFF9B297187AB88E00F93B58 /* Build configuration list for PBXNativeTarget "Spotify Bluetooth Headset ListenerTests" */;
			buildPhases = (
				BFF9B280187AB88E00F93B58 /* Sources */,
				BFF9B281187AB88E00F93B58 /* Frameworks */,
				BFF9B282187AB88E00F93B58 /* Resources */,
			);
			buildRules = (
			);
			dependencies = (
				BFF9B289187AB88E00F93B58 /* PBXTargetDependency */,
			);
			name = "Spotify Bluetooth Headset ListenerTests";
			productName = "Spotify Bluetooth Headset ListenerTests";
			productReference = BFF9B284187AB88E00F93B58 /* Spotify Bluetooth Headset ListenerTests.xctest */;
			productType = "com.apple.product-type.bundle.unit-test";
		};
/* End PBXNativeTarget section */

/* Begin PBXProject section */
		BFF9B25B187AB88C00F93B58 /* Project object */ = {
			isa = PBXProject;
			attributes = {
				CLASSPREFIX = KDM;
				LastUpgradeCheck = 0500;
				ORGANIZATIONNAME = "KDM Software";
				TargetAttributes = {
					BFF9B283187AB88E00F93B58 = {
						TestTargetID = BFF9B262187AB88D00F93B58;
					};
				};
			};
			buildConfigurationList = BFF9B25E187AB88C00F93B58 /* Build configuration list for PBXProject "Spotify Bluetooth Headset Listener" */;
			compatibilityVersion = "Xcode 3.2";
			developmentRegion = English;
			hasScannedForEncodings = 0;
			knownRegions = (
				en,
				Base,
			);
			mainGroup = BFF9B25A187AB88C00F93B58;
			productRefGroup = BFF9B264187AB88D00F93B58 /* Products */;
			projectDirPath = "";
			projectRoot = "";
			targets = (
				BFF9B262187AB88D00F93B58 /* Spotify Bluetooth Headset Listener */,
				BFF9B283187AB88E00F93B58 /* Spotify Bluetooth Headset ListenerTests */,
			);
		};
/* End PBXProject section */

/* Begin PBXResourcesBuildPhase section */
		BFF9B261187AB88D00F93B58 /* Resources */ = {
			isa = PBXResourcesBuildPhase;
			buildActionMask = 2147483647;
			files = (
				BFF9B271187AB88D00F93B58 /* InfoPlist.strings in Resources */,
				BFF9B27F187AB88E00F93B58 /* Images.xcassets in Resources */,
				BFF9B277187AB88D00F93B58 /* Credits.rtf in Resources */,
				BFF9B27D187AB88E00F93B58 /* MainMenu.xib in Resources */,
			);
			runOnlyForDeploymentPostprocessing = 0;
		};
		BFF9B282187AB88E00F93B58 /* Resources */ = {
			isa = PBXResourcesBuildPhase;
			buildActionMask = 2147483647;
			files = (
				BFF9B28F187AB88E00F93B58 /* InfoPlist.strings in Resources */,
			);
			runOnlyForDeploymentPostprocessing = 0;
		};
/* End PBXResourcesBuildPhase section */

/* Begin PBXSourcesBuildPhase section */
		BFF9B25F187AB88D00F93B58 /* Sources */ = {
			isa = PBXSourcesBuildPhase;
			buildActionMask = 2147483647;
			files = (
				B5FB3D091AB677610064CEE7 /* MediaKey.m in Sources */,
				BFF9B273187AB88D00F93B58 /* main.m in Sources */,
				BFF9B27A187AB88D00F93B58 /* KDMAppDelegate.m in Sources */,
			);
			runOnlyForDeploymentPostprocessing = 0;
		};
		BFF9B280187AB88E00F93B58 /* Sources */ = {
			isa = PBXSourcesBuildPhase;
			buildActionMask = 2147483647;
			files = (
				BFF9B291187AB88E00F93B58 /* Spotify_Bluetooth_Headset_ListenerTests.m in Sources */,
			);
			runOnlyForDeploymentPostprocessing = 0;
		};
/* End PBXSourcesBuildPhase section */

/* Begin PBXTargetDependency section */
		BFF9B289187AB88E00F93B58 /* PBXTargetDependency */ = {
			isa = PBXTargetDependency;
			target = BFF9B262187AB88D00F93B58 /* Spotify Bluetooth Headset Listener */;
			targetProxy = BFF9B288187AB88E00F93B58 /* PBXContainerItemProxy */;
		};
/* End PBXTargetDependency section */

/* Begin PBXVariantGroup section */
		BFF9B26F187AB88D00F93B58 /* InfoPlist.strings */ = {
			isa = PBXVariantGroup;
			children = (
				BFF9B270187AB88D00F93B58 /* en */,
			);
			name = InfoPlist.strings;
			sourceTree = "<group>";
		};
		BFF9B275187AB88D00F93B58 /* Credits.rtf */ = {
			isa = PBXVariantGroup;
			children = (
				BFF9B276187AB88D00F93B58 /* en */,
			);
			name = Credits.rtf;
			sourceTree = "<group>";
		};
		BFF9B27B187AB88E00F93B58 /* MainMenu.xib */ = {
			isa = PBXVariantGroup;
			children = (
				BFF9B27C187AB88E00F93B58 /* Base */,
			);
			name = MainMenu.xib;
			sourceTree = "<group>";
		};
		BFF9B28D187AB88E00F93B58 /* InfoPlist.strings */ = {
			isa = PBXVariantGroup;
			children = (
				BFF9B28E187AB88E00F93B58 /* en */,
			);
			name = InfoPlist.strings;
			sourceTree = "<group>";
		};
/* End PBXVariantGroup section */

/* Begin XCBuildConfiguration section */
		BFF9B292187AB88E00F93B58 /* Debug */ = {
			isa = XCBuildConfiguration;
			buildSettings = {
				ALWAYS_SEARCH_USER_PATHS = NO;
				CLANG_CXX_LANGUAGE_STANDARD = "gnu++0x";
				CLANG_CXX_LIBRARY = "libc++";
				CLANG_ENABLE_OBJC_ARC = YES;
				CLANG_WARN_BOOL_CONVERSION = YES;
				CLANG_WARN_CONSTANT_CONVERSION = YES;
				CLANG_WARN_DIRECT_OBJC_ISA_USAGE = YES_ERROR;
				CLANG_WARN_EMPTY_BODY = YES;
				CLANG_WARN_ENUM_CONVERSION = YES;
				CLANG_WARN_INT_CONVERSION = YES;
				CLANG_WARN_OBJC_ROOT_CLASS = YES_ERROR;
				CLANG_WARN__DUPLICATE_METHOD_MATCH = YES;
				COPY_PHASE_STRIP = NO;
				GCC_C_LANGUAGE_STANDARD = gnu99;
				GCC_DYNAMIC_NO_PIC = NO;
				GCC_ENABLE_OBJC_EXCEPTIONS = YES;
				GCC_OPTIMIZATION_LEVEL = 0;
				GCC_PREPROCESSOR_DEFINITIONS = (
					"DEBUG=1",
					"$(inherited)",
				);
				GCC_SYMBOLS_PRIVATE_EXTERN = NO;
				GCC_WARN_64_TO_32_BIT_CONVERSION = YES;
				GCC_WARN_ABOUT_RETURN_TYPE = YES_ERROR;
				GCC_WARN_UNDECLARED_SELECTOR = YES;
				GCC_WARN_UNINITIALIZED_AUTOS = YES;
				GCC_WARN_UNUSED_FUNCTION = YES;
				GCC_WARN_UNUSED_VARIABLE = YES;
				MACOSX_DEPLOYMENT_TARGET = 10.9;
				ONLY_ACTIVE_ARCH = YES;
				SDKROOT = macosx;
			};
			name = Debug;
		};
		BFF9B293187AB88E00F93B58 /* Release */ = {
			isa = XCBuildConfiguration;
			buildSettings = {
				ALWAYS_SEARCH_USER_PATHS = NO;
				CLANG_CXX_LANGUAGE_STANDARD = "gnu++0x";
				CLANG_CXX_LIBRARY = "libc++";
				CLANG_ENABLE_OBJC_ARC = YES;
				CLANG_WARN_BOOL_CONVERSION = YES;
				CLANG_WARN_CONSTANT_CONVERSION = YES;
				CLANG_WARN_DIRECT_OBJC_ISA_USAGE = YES_ERROR;
				CLANG_WARN_EMPTY_BODY = YES;
				CLANG_WARN_ENUM_CONVERSION = YES;
				CLANG_WARN_INT_CONVERSION = YES;
				CLANG_WARN_OBJC_ROOT_CLASS = YES_ERROR;
				CLANG_WARN__DUPLICATE_METHOD_MATCH = YES;
				COPY_PHASE_STRIP = YES;
				DEBUG_INFORMATION_FORMAT = "dwarf-with-dsym";
				ENABLE_NS_ASSERTIONS = NO;
				GCC_C_LANGUAGE_STANDARD = gnu99;
				GCC_ENABLE_OBJC_EXCEPTIONS = YES;
				GCC_WARN_64_TO_32_BIT_CONVERSION = YES;
				GCC_WARN_ABOUT_RETURN_TYPE = YES_ERROR;
				GCC_WARN_UNDECLARED_SELECTOR = YES;
				GCC_WARN_UNINITIALIZED_AUTOS = YES;
				GCC_WARN_UNUSED_FUNCTION = YES;
				GCC_WARN_UNUSED_VARIABLE = YES;
				MACOSX_DEPLOYMENT_TARGET = 10.9;
				SDKROOT = macosx;
			};
			name = Release;
		};
		BFF9B295187AB88E00F93B58 /* Debug */ = {
			isa = XCBuildConfiguration;
			buildSettings = {
				ASSETCATALOG_COMPILER_APPICON_NAME = AppIcon;
				COMBINE_HIDPI_IMAGES = YES;
				GCC_PRECOMPILE_PREFIX_HEADER = YES;
				GCC_PREFIX_HEADER = "Spotify Bluetooth Headset Listener/Spotify Bluetooth Headset Listener-Prefix.pch";
				INFOPLIST_FILE = "Spotify Bluetooth Headset Listener/Spotify Bluetooth Headset Listener-Info.plist";
				MACOSX_DEPLOYMENT_TARGET = 10.10;
				PRODUCT_NAME = "$(TARGET_NAME)";
				WRAPPER_EXTENSION = app;
			};
			name = Debug;
		};
		BFF9B296187AB88E00F93B58 /* Release */ = {
			isa = XCBuildConfiguration;
			buildSettings = {
				ASSETCATALOG_COMPILER_APPICON_NAME = AppIcon;
				COMBINE_HIDPI_IMAGES = YES;
				GCC_PRECOMPILE_PREFIX_HEADER = YES;
				GCC_PREFIX_HEADER = "Spotify Bluetooth Headset Listener/Spotify Bluetooth Headset Listener-Prefix.pch";
				INFOPLIST_FILE = "Spotify Bluetooth Headset Listener/Spotify Bluetooth Headset Listener-Info.plist";
				MACOSX_DEPLOYMENT_TARGET = 10.10;
				PRODUCT_NAME = "$(TARGET_NAME)";
				WRAPPER_EXTENSION = app;
			};
			name = Release;
		};
		BFF9B298187AB88E00F93B58 /* Debug */ = {
			isa = XCBuildConfiguration;
			buildSettings = {
				BUNDLE_LOADER = "$(BUILT_PRODUCTS_DIR)/Spotify Bluetooth Headset Listener.app/Contents/MacOS/Spotify Bluetooth Headset Listener";
				COMBINE_HIDPI_IMAGES = YES;
				FRAMEWORK_SEARCH_PATHS = (
					"$(DEVELOPER_FRAMEWORKS_DIR)",
					"$(inherited)",
				);
				GCC_PRECOMPILE_PREFIX_HEADER = YES;
				GCC_PREFIX_HEADER = "Spotify Bluetooth Headset Listener/Spotify Bluetooth Headset Listener-Prefix.pch";
				GCC_PREPROCESSOR_DEFINITIONS = (
					"DEBUG=1",
					"$(inherited)",
				);
				INFOPLIST_FILE = "Spotify Bluetooth Headset ListenerTests/Spotify Bluetooth Headset ListenerTests-Info.plist";
				PRODUCT_NAME = "$(TARGET_NAME)";
				TEST_HOST = "$(BUNDLE_LOADER)";
				WRAPPER_EXTENSION = xctest;
			};
			name = Debug;
		};
		BFF9B299187AB88E00F93B58 /* Release */ = {
			isa = XCBuildConfiguration;
			buildSettings = {
				BUNDLE_LOADER = "$(BUILT_PRODUCTS_DIR)/Spotify Bluetooth Headset Listener.app/Contents/MacOS/Spotify Bluetooth Headset Listener";
				COMBINE_HIDPI_IMAGES = YES;
				FRAMEWORK_SEARCH_PATHS = (
					"$(DEVELOPER_FRAMEWORKS_DIR)",
					"$(inherited)",
				);
				GCC_PRECOMPILE_PREFIX_HEADER = YES;
				GCC_PREFIX_HEADER = "Spotify Bluetooth Headset Listener/Spotify Bluetooth Headset Listener-Prefix.pch";
				INFOPLIST_FILE = "Spotify Bluetooth Headset ListenerTests/Spotify Bluetooth Headset ListenerTests-Info.plist";
				PRODUCT_NAME = "$(TARGET_NAME)";
				TEST_HOST = "$(BUNDLE_LOADER)";
				WRAPPER_EXTENSION = xctest;
			};
			name = Release;
		};
/* End XCBuildConfiguration section */

/* Begin XCConfigurationList section */
		BFF9B25E187AB88C00F93B58 /* Build configuration list for PBXProject "Spotify Bluetooth Headset Listener" */ = {
			isa = XCConfigurationList;
			buildConfigurations = (
				BFF9B292187AB88E00F93B58 /* Debug */,
				BFF9B293187AB88E00F93B58 /* Release */,
			);
			defaultConfigurationIsVisible = 0;
			defaultConfigurationName = Release;
		};
		BFF9B294187AB88E00F93B58 /* Build configuration list for PBXNativeTarget "Spotify Bluetooth Headset Listener" */ = {
			isa = XCConfigurationList;
			buildConfigurations = (
				BFF9B295187AB88E00F93B58 /* Debug */,
				BFF9B296187AB88E00F93B58 /* Release */,
			);
			defaultConfigurationIsVisible = 0;
			defaultConfigurationName = Release;
		};
		BFF9B297187AB88E00F93B58 /* Build configuration list for PBXNativeTarget "Spotify Bluetooth Headset ListenerTests" */ = {
			isa = XCConfigurationList;
			buildConfigurations = (
				BFF9B298187AB88E00F93B58 /* Debug */,
				BFF9B299187AB88E00F93B58 /* Release */,
			);
			defaultConfigurationIsVisible = 0;
			defaultConfigurationName = Release;
		};
/* End XCConfigurationList section */
	};
	rootObject = BFF9B25B187AB88C00F93B58 /* Project object */;
}
